
Microsoft Visual Studio Solution File, Format Version 12.00
# Visual Studio Version 16
VisualStudioVersion = 16.0.33130.400
MinimumVisualStudioVersion = 10.0.40219.1
Project("{FAE04EC0-301F-11D3-BF4B-00C04F79EFBC}") = "task_10.1", "task_10.1.csproj", "{79F94324-A29B-40F6-9D29-7931F088920F}"
EndProject
Global
	GlobalSection(SolutionConfigurationPlatforms) = preSolution
		Debug|Any CPU = Debug|Any CPU
		Release|Any CPU = Release|Any CPU
	EndGlobalSection
	GlobalSection(ProjectConfigurationPlatforms) = postSolution
		{79F94324-A29B-40F6-9D29-7931F088920F}.Debug|Any CPU.ActiveCfg = Debug|Any CPU
		{79F94324-A29B-40F6-9D29-7931F088920F}.Debug|Any CPU.Build.0 = Debug|Any CPU
		{79F94324-A29B-40F6-9D29-7931F088920F}.Release|Any CPU.ActiveCfg = Release|Any CPU
		{79F94324-A29B-40F6-9D29-7931F088920F}.Release|Any CPU.Build.0 = Release|Any CPU
	EndGlobalSection
	GlobalSection(SolutionProperties) = preSolution
		HideSolutionNode = FALSE
	EndGlobalSection
	GlobalSection(ExtensibilityGlobals) = postSolution
		SolutionGuid = {87C05E08-AB19-4AA4-9696-13BF59F2CDFA}
	EndGlobalSection
EndGlobal
